// !$*UTF8*$!
{
	archiveVersion = 1;
	classes = {
	};
	objectVersion = 46;
	objects = {

/* Begin PBXBuildFile section */
		56062A051D3966B2009C2ABB /* ContentProfile.swift in Sources */ = {isa = PBXBuildFile; fileRef = 56062A041D3966B2009C2ABB /* ContentProfile.swift */; };
		56062A071D39805E009C2ABB /* ChoosePostTypeViewController.swift in Sources */ = {isa = PBXBuildFile; fileRef = 56062A061D39805E009C2ABB /* ChoosePostTypeViewController.swift */; };
		56062A091D3D3817009C2ABB /* ProfileTableViewCell.swift in Sources */ = {isa = PBXBuildFile; fileRef = 56062A081D3D3816009C2ABB /* ProfileTableViewCell.swift */; };
		56062A0B1D3D6567009C2ABB /* linkedList.swift in Sources */ = {isa = PBXBuildFile; fileRef = 56062A0A1D3D6567009C2ABB /* linkedList.swift */; };
		56062A131D3DE2D7009C2ABB /* Bolts.framework in Frameworks */ = {isa = PBXBuildFile; fileRef = 56062A0C1D3DE2D7009C2ABB /* Bolts.framework */; };
		56062A141D3DE2D7009C2ABB /* FBSDKCoreKit.framework in Frameworks */ = {isa = PBXBuildFile; fileRef = 56062A0D1D3DE2D7009C2ABB /* FBSDKCoreKit.framework */; };
		56062A151D3DE2D7009C2ABB /* FBSDKLoginKit.framework in Frameworks */ = {isa = PBXBuildFile; fileRef = 56062A0E1D3DE2D7009C2ABB /* FBSDKLoginKit.framework */; };
		56062A161D3DE2D7009C2ABB /* Parse.framework in Frameworks */ = {isa = PBXBuildFile; fileRef = 56062A0F1D3DE2D7009C2ABB /* Parse.framework */; };
		56062A171D3DE2D7009C2ABB /* ParseCrashReporting.framework in Frameworks */ = {isa = PBXBuildFile; fileRef = 56062A101D3DE2D7009C2ABB /* ParseCrashReporting.framework */; };
		56062A181D3DE2D7009C2ABB /* ParseFacebookUtilsV4.framework in Frameworks */ = {isa = PBXBuildFile; fileRef = 56062A111D3DE2D7009C2ABB /* ParseFacebookUtilsV4.framework */; };
		56062A191D3DE2D7009C2ABB /* ParseUI.framework in Frameworks */ = {isa = PBXBuildFile; fileRef = 56062A121D3DE2D7009C2ABB /* ParseUI.framework */; };
		56062A1B1D3DE434009C2ABB /* SystemConfiguration.framework in Frameworks */ = {isa = PBXBuildFile; fileRef = 56062A1A1D3DE434009C2ABB /* SystemConfiguration.framework */; };
		56062A1D1D3DE43C009C2ABB /* AudioToolbox.framework in Frameworks */ = {isa = PBXBuildFile; fileRef = 56062A1C1D3DE43C009C2ABB /* AudioToolbox.framework */; };
		56062A231D3DE6B1009C2ABB /* libstdc++.6.tbd in Frameworks */ = {isa = PBXBuildFile; fileRef = 56062A221D3DE6B1009C2ABB /* libstdc++.6.tbd */; };
		56062A251D3DE6C7009C2ABB /* libsqlite3.tbd in Frameworks */ = {isa = PBXBuildFile; fileRef = 56062A241D3DE6C7009C2ABB /* libsqlite3.tbd */; };
		563271BF1D2490A700790830 /* MainScreenViewController.swift in Sources */ = {isa = PBXBuildFile; fileRef = 563271BE1D2490A700790830 /* MainScreenViewController.swift */; };
		563271C11D2490CB00790830 /* LogInViewController.swift in Sources */ = {isa = PBXBuildFile; fileRef = 563271C01D2490CB00790830 /* LogInViewController.swift */; };
		563271C31D2490ED00790830 /* CommentsViewController.swift in Sources */ = {isa = PBXBuildFile; fileRef = 563271C21D2490ED00790830 /* CommentsViewController.swift */; };
		563271C51D24910900790830 /* CategoriesViewController.swift in Sources */ = {isa = PBXBuildFile; fileRef = 563271C41D24910900790830 /* CategoriesViewController.swift */; };
		563271C71D2494A400790830 /* LikedPostsViewController.swift in Sources */ = {isa = PBXBuildFile; fileRef = 563271C61D2494A400790830 /* LikedPostsViewController.swift */; };
		563271CF1D25832200790830 /* ContentProfileView.swift in Sources */ = {isa = PBXBuildFile; fileRef = 563271CE1D25832200790830 /* ContentProfileView.swift */; };
		563271D11D2591E200790830 /* CategoriesTableViewCell.swift in Sources */ = {isa = PBXBuildFile; fileRef = 563271D01D2591E100790830 /* CategoriesTableViewCell.swift */; };
		563271D31D25C8E400790830 /* PostInfoViewController.swift in Sources */ = {isa = PBXBuildFile; fileRef = 563271D21D25C8E400790830 /* PostInfoViewController.swift */; };
		563271D51D25CB8700790830 /* CommentsTableViewCell.swift in Sources */ = {isa = PBXBuildFile; fileRef = 563271D41D25CB8700790830 /* CommentsTableViewCell.swift */; };
		563271D71D2C17F100790830 /* PostsTableViewCell.swift in Sources */ = {isa = PBXBuildFile; fileRef = 563271D61D2C17F100790830 /* PostsTableViewCell.swift */; };
		563271D91D2C187600790830 /* ProfileViewController.swift in Sources */ = {isa = PBXBuildFile; fileRef = 563271D81D2C187600790830 /* ProfileViewController.swift */; };
		563271DB1D2C1D0400790830 /* ShareViewController.swift in Sources */ = {isa = PBXBuildFile; fileRef = 563271DA1D2C1D0400790830 /* ShareViewController.swift */; };
		563271DD1D2C1DF900790830 /* FriendTableViewCell.swift in Sources */ = {isa = PBXBuildFile; fileRef = 563271DC1D2C1DF900790830 /* FriendTableViewCell.swift */; };
		563271DF1D2C1F0400790830 /* PicturePostViewController.swift in Sources */ = {isa = PBXBuildFile; fileRef = 563271DE1D2C1F0400790830 /* PicturePostViewController.swift */; };
		563271E31D2F773500790830 /* PostCollectionViewCell.swift in Sources */ = {isa = PBXBuildFile; fileRef = 563271E21D2F773500790830 /* PostCollectionViewCell.swift */; };
		563271E51D2F7B8200790830 /* TestViewController.swift in Sources */ = {isa = PBXBuildFile; fileRef = 563271E41D2F7B8200790830 /* TestViewController.swift */; };
		56357D9A1D0FBD3900AD10B7 /* AppDelegate.swift in Sources */ = {isa = PBXBuildFile; fileRef = 56357D991D0FBD3900AD10B7 /* AppDelegate.swift */; };
		56357DA11D0FBD3900AD10B7 /* Main.storyboard in Resources */ = {isa = PBXBuildFile; fileRef = 56357D9F1D0FBD3900AD10B7 /* Main.storyboard */; };
		56357DA31D0FBD3900AD10B7 /* Assets.xcassets in Resources */ = {isa = PBXBuildFile; fileRef = 56357DA21D0FBD3900AD10B7 /* Assets.xcassets */; };
		56357DA61D0FBD3900AD10B7 /* LaunchScreen.storyboard in Resources */ = {isa = PBXBuildFile; fileRef = 56357DA41D0FBD3900AD10B7 /* LaunchScreen.storyboard */; };
		563EDA7A1D3F3F2A00FCD2BE /* ContentManager.swift in Sources */ = {isa = PBXBuildFile; fileRef = 563EDA791D3F3F2A00FCD2BE /* ContentManager.swift */; };
		569AF8411D48571500C6F774 /* ParseViewController.swift in Sources */ = {isa = PBXBuildFile; fileRef = 569AF8401D48571500C6F774 /* ParseViewController.swift */; };
		569AF8431D48615E00C6F774 /* PersistenceManager.swift in Sources */ = {isa = PBXBuildFile; fileRef = 569AF8421D48615E00C6F774 /* PersistenceManager.swift */; };
		569AF8451D4861F300C6F774 /* ParseManager.swift in Sources */ = {isa = PBXBuildFile; fileRef = 569AF8441D4861F300C6F774 /* ParseManager.swift */; };
/* End PBXBuildFile section */

/* Begin PBXFileReference section */
		56062A041D3966B2009C2ABB /* ContentProfile.swift */ = {isa = PBXFileReference; fileEncoding = 4; lastKnownFileType = sourcecode.swift; path = ContentProfile.swift; sourceTree = "<group>"; };
		56062A061D39805E009C2ABB /* ChoosePostTypeViewController.swift */ = {isa = PBXFileReference; fileEncoding = 4; lastKnownFileType = sourcecode.swift; path = ChoosePostTypeViewController.swift; sourceTree = "<group>"; };
		56062A081D3D3816009C2ABB /* ProfileTableViewCell.swift */ = {isa = PBXFileReference; fileEncoding = 4; lastKnownFileType = sourcecode.swift; path = ProfileTableViewCell.swift; sourceTree = "<group>"; };
		56062A0A1D3D6567009C2ABB /* linkedList.swift */ = {isa = PBXFileReference; fileEncoding = 4; lastKnownFileType = sourcecode.swift; path = linkedList.swift; sourceTree = "<group>"; };
		56062A0C1D3DE2D7009C2ABB /* Bolts.framework */ = {isa = PBXFileReference; lastKnownFileType = wrapper.framework; path = Bolts.framework; sourceTree = "<group>"; };
		56062A0D1D3DE2D7009C2ABB /* FBSDKCoreKit.framework */ = {isa = PBXFileReference; lastKnownFileType = wrapper.framework; path = FBSDKCoreKit.framework; sourceTree = "<group>"; };
		56062A0E1D3DE2D7009C2ABB /* FBSDKLoginKit.framework */ = {isa = PBXFileReference; lastKnownFileType = wrapper.framework; path = FBSDKLoginKit.framework; sourceTree = "<group>"; };
		56062A0F1D3DE2D7009C2ABB /* Parse.framework */ = {isa = PBXFileReference; lastKnownFileType = wrapper.framework; path = Parse.framework; sourceTree = "<group>"; };
		56062A101D3DE2D7009C2ABB /* ParseCrashReporting.framework */ = {isa = PBXFileReference; lastKnownFileType = wrapper.framework; path = ParseCrashReporting.framework; sourceTree = "<group>"; };
		56062A111D3DE2D7009C2ABB /* ParseFacebookUtilsV4.framework */ = {isa = PBXFileReference; lastKnownFileType = wrapper.framework; path = ParseFacebookUtilsV4.framework; sourceTree = "<group>"; };
		56062A121D3DE2D7009C2ABB /* ParseUI.framework */ = {isa = PBXFileReference; lastKnownFileType = wrapper.framework; path = ParseUI.framework; sourceTree = "<group>"; };
		56062A1A1D3DE434009C2ABB /* SystemConfiguration.framework */ = {isa = PBXFileReference; lastKnownFileType = wrapper.framework; name = SystemConfiguration.framework; path = System/Library/Frameworks/SystemConfiguration.framework; sourceTree = SDKROOT; };
		56062A1C1D3DE43C009C2ABB /* AudioToolbox.framework */ = {isa = PBXFileReference; lastKnownFileType = wrapper.framework; name = AudioToolbox.framework; path = System/Library/Frameworks/AudioToolbox.framework; sourceTree = SDKROOT; };
		56062A1F1D3DE4CA009C2ABB /* Bridging-Header.h */ = {isa = PBXFileReference; lastKnownFileType = sourcecode.c.h; path = "Bridging-Header.h"; sourceTree = SOURCE_ROOT; };
		56062A221D3DE6B1009C2ABB /* libstdc++.6.tbd */ = {isa = PBXFileReference; lastKnownFileType = "sourcecode.text-based-dylib-definition"; name = "libstdc++.6.tbd"; path = "usr/lib/libstdc++.6.tbd"; sourceTree = SDKROOT; };
		56062A241D3DE6C7009C2ABB /* libsqlite3.tbd */ = {isa = PBXFileReference; lastKnownFileType = "sourcecode.text-based-dylib-definition"; name = libsqlite3.tbd; path = usr/lib/libsqlite3.tbd; sourceTree = SDKROOT; };
		563271BE1D2490A700790830 /* MainScreenViewController.swift */ = {isa = PBXFileReference; fileEncoding = 4; lastKnownFileType = sourcecode.swift; path = MainScreenViewController.swift; sourceTree = "<group>"; };
		563271C01D2490CB00790830 /* LogInViewController.swift */ = {isa = PBXFileReference; fileEncoding = 4; lastKnownFileType = sourcecode.swift; path = LogInViewController.swift; sourceTree = "<group>"; };
		563271C21D2490ED00790830 /* CommentsViewController.swift */ = {isa = PBXFileReference; fileEncoding = 4; lastKnownFileType = sourcecode.swift; path = CommentsViewController.swift; sourceTree = "<group>"; };
		563271C41D24910900790830 /* CategoriesViewController.swift */ = {isa = PBXFileReference; fileEncoding = 4; lastKnownFileType = sourcecode.swift; path = CategoriesViewController.swift; sourceTree = "<group>"; };
		563271C61D2494A400790830 /* LikedPostsViewController.swift */ = {isa = PBXFileReference; fileEncoding = 4; lastKnownFileType = sourcecode.swift; path = LikedPostsViewController.swift; sourceTree = "<group>"; };
		563271CE1D25832200790830 /* ContentProfileView.swift */ = {isa = PBXFileReference; fileEncoding = 4; lastKnownFileType = sourcecode.swift; path = ContentProfileView.swift; sourceTree = "<group>"; };
		563271D01D2591E100790830 /* CategoriesTableViewCell.swift */ = {isa = PBXFileReference; fileEncoding = 4; lastKnownFileType = sourcecode.swift; path = CategoriesTableViewCell.swift; sourceTree = "<group>"; };
		563271D21D25C8E400790830 /* PostInfoViewController.swift */ = {isa = PBXFileReference; fileEncoding = 4; lastKnownFileType = sourcecode.swift; path = PostInfoViewController.swift; sourceTree = "<group>"; };
		563271D41D25CB8700790830 /* CommentsTableViewCell.swift */ = {isa = PBXFileReference; fileEncoding = 4; lastKnownFileType = sourcecode.swift; path = CommentsTableViewCell.swift; sourceTree = "<group>"; };
		563271D61D2C17F100790830 /* PostsTableViewCell.swift */ = {isa = PBXFileReference; fileEncoding = 4; lastKnownFileType = sourcecode.swift; path = PostsTableViewCell.swift; sourceTree = "<group>"; };
		563271D81D2C187600790830 /* ProfileViewController.swift */ = {isa = PBXFileReference; fileEncoding = 4; lastKnownFileType = sourcecode.swift; path = ProfileViewController.swift; sourceTree = "<group>"; };
		563271DA1D2C1D0400790830 /* ShareViewController.swift */ = {isa = PBXFileReference; fileEncoding = 4; lastKnownFileType = sourcecode.swift; path = ShareViewController.swift; sourceTree = "<group>"; };
		563271DC1D2C1DF900790830 /* FriendTableViewCell.swift */ = {isa = PBXFileReference; fileEncoding = 4; lastKnownFileType = sourcecode.swift; path = FriendTableViewCell.swift; sourceTree = "<group>"; };
		563271DE1D2C1F0400790830 /* PicturePostViewController.swift */ = {isa = PBXFileReference; fileEncoding = 4; lastKnownFileType = sourcecode.swift; path = PicturePostViewController.swift; sourceTree = "<group>"; };
		563271E21D2F773500790830 /* PostCollectionViewCell.swift */ = {isa = PBXFileReference; fileEncoding = 4; lastKnownFileType = sourcecode.swift; path = PostCollectionViewCell.swift; sourceTree = "<group>"; };
		563271E41D2F7B8200790830 /* TestViewController.swift */ = {isa = PBXFileReference; fileEncoding = 4; lastKnownFileType = sourcecode.swift; path = TestViewController.swift; sourceTree = "<group>"; };
		56357D961D0FBD3900AD10B7 /* Jester.app */ = {isa = PBXFileReference; explicitFileType = wrapper.application; includeInIndex = 0; path = Jester.app; sourceTree = BUILT_PRODUCTS_DIR; };
		56357D991D0FBD3900AD10B7 /* AppDelegate.swift */ = {isa = PBXFileReference; lastKnownFileType = sourcecode.swift; path = AppDelegate.swift; sourceTree = "<group>"; };
		56357DA01D0FBD3900AD10B7 /* Base */ = {isa = PBXFileReference; lastKnownFileType = file.storyboard; name = Base; path = Base.lproj/Main.storyboard; sourceTree = "<group>"; };
		56357DA21D0FBD3900AD10B7 /* Assets.xcassets */ = {isa = PBXFileReference; lastKnownFileType = folder.assetcatalog; path = Assets.xcassets; sourceTree = "<group>"; };
		56357DA51D0FBD3900AD10B7 /* Base */ = {isa = PBXFileReference; lastKnownFileType = file.storyboard; name = Base; path = Base.lproj/LaunchScreen.storyboard; sourceTree = "<group>"; };
		56357DA71D0FBD3900AD10B7 /* Info.plist */ = {isa = PBXFileReference; lastKnownFileType = text.plist.xml; path = Info.plist; sourceTree = "<group>"; };
		563EDA791D3F3F2A00FCD2BE /* ContentManager.swift */ = {isa = PBXFileReference; fileEncoding = 4; lastKnownFileType = sourcecode.swift; path = ContentManager.swift; sourceTree = "<group>"; };
		569AF8401D48571500C6F774 /* ParseViewController.swift */ = {isa = PBXFileReference; fileEncoding = 4; lastKnownFileType = sourcecode.swift; path = ParseViewController.swift; sourceTree = "<group>"; };
		569AF8421D48615E00C6F774 /* PersistenceManager.swift */ = {isa = PBXFileReference; fileEncoding = 4; lastKnownFileType = sourcecode.swift; path = PersistenceManager.swift; sourceTree = "<group>"; };
		569AF8441D4861F300C6F774 /* ParseManager.swift */ = {isa = PBXFileReference; fileEncoding = 4; lastKnownFileType = sourcecode.swift; path = ParseManager.swift; sourceTree = "<group>"; };
/* End PBXFileReference section */

/* Begin PBXFrameworksBuildPhase section */
		56357D931D0FBD3900AD10B7 /* Frameworks */ = {
			isa = PBXFrameworksBuildPhase;
			buildActionMask = 2147483647;
			files = (
				56062A251D3DE6C7009C2ABB /* libsqlite3.tbd in Frameworks */,
				56062A231D3DE6B1009C2ABB /* libstdc++.6.tbd in Frameworks */,
				56062A1D1D3DE43C009C2ABB /* AudioToolbox.framework in Frameworks */,
				56062A1B1D3DE434009C2ABB /* SystemConfiguration.framework in Frameworks */,
				56062A131D3DE2D7009C2ABB /* Bolts.framework in Frameworks */,
				56062A171D3DE2D7009C2ABB /* ParseCrashReporting.framework in Frameworks */,
				56062A191D3DE2D7009C2ABB /* ParseUI.framework in Frameworks */,
				56062A181D3DE2D7009C2ABB /* ParseFacebookUtilsV4.framework in Frameworks */,
				56062A141D3DE2D7009C2ABB /* FBSDKCoreKit.framework in Frameworks */,
				56062A161D3DE2D7009C2ABB /* Parse.framework in Frameworks */,
				56062A151D3DE2D7009C2ABB /* FBSDKLoginKit.framework in Frameworks */,
			);
			runOnlyForDeploymentPostprocessing = 0;
		};
/* End PBXFrameworksBuildPhase section */

/* Begin PBXGroup section */
		56062A031D394F4D009C2ABB /* Unused */ = {
			isa = PBXGroup;
			children = (
				563271E21D2F773500790830 /* PostCollectionViewCell.swift */,
				56062A0A1D3D6567009C2ABB /* linkedList.swift */,
			);
			name = Unused;
			sourceTree = "<group>";
		};
		56062A1E1D3DE490009C2ABB /* Supporting Files */ = {
			isa = PBXGroup;
			children = (
				56062A1F1D3DE4CA009C2ABB /* Bridging-Header.h */,
				56357DA71D0FBD3900AD10B7 /* Info.plist */,
			);
			name = "Supporting Files";
			sourceTree = "<group>";
		};
		56357D8D1D0FBD3900AD10B7 = {
			isa = PBXGroup;
			children = (
				56357D981D0FBD3900AD10B7 /* Swirl */,
				56357D971D0FBD3900AD10B7 /* Products */,
				563EDA811D40749000FCD2BE /* Frameworks */,
			);
			sourceTree = "<group>";
		};
		56357D971D0FBD3900AD10B7 /* Products */ = {
			isa = PBXGroup;
			children = (
				56357D961D0FBD3900AD10B7 /* Jester.app */,
			);
			name = Products;
			sourceTree = "<group>";
		};
		56357D981D0FBD3900AD10B7 /* Swirl */ = {
			isa = PBXGroup;
			children = (
				56357D991D0FBD3900AD10B7 /* AppDelegate.swift */,
				563EDA821D4074C600FCD2BE /* Controllers */,
				563EDA7F1D40741600FCD2BE /* Model */,
				563EDA7B1D40738D00FCD2BE /* View */,
				56062A031D394F4D009C2ABB /* Unused */,
				56357DA21D0FBD3900AD10B7 /* Assets.xcassets */,
				56062A1E1D3DE490009C2ABB /* Supporting Files */,
			);
			name = Swirl;
			path = Jester;
			sourceTree = "<group>";
		};
		563EDA7B1D40738D00FCD2BE /* View */ = {
			isa = PBXGroup;
			children = (
				56357DA41D0FBD3900AD10B7 /* LaunchScreen.storyboard */,
				56357D9F1D0FBD3900AD10B7 /* Main.storyboard */,
				563271CE1D25832200790830 /* ContentProfileView.swift */,
				563EDA7C1D4073A900FCD2BE /* TableViewCell */,
				563EDA801D40747200FCD2BE /* Views */,
			);
			name = View;
			sourceTree = "<group>";
		};
		563EDA7C1D4073A900FCD2BE /* TableViewCell */ = {
			isa = PBXGroup;
			children = (
				563271D01D2591E100790830 /* CategoriesTableViewCell.swift */,
				563271D61D2C17F100790830 /* PostsTableViewCell.swift */,
				563271D41D25CB8700790830 /* CommentsTableViewCell.swift */,
				563271DC1D2C1DF900790830 /* FriendTableViewCell.swift */,
				56062A081D3D3816009C2ABB /* ProfileTableViewCell.swift */,
			);
			name = TableViewCell;
			sourceTree = "<group>";
		};
		563EDA7E1D40740100FCD2BE /* ViewControllers */ = {
			isa = PBXGroup;
			children = (
				563271BE1D2490A700790830 /* MainScreenViewController.swift */,
				569AF8401D48571500C6F774 /* ParseViewController.swift */,
				563EDA851D40784900FCD2BE /* Posting View Controllers  */,
				563271D81D2C187600790830 /* ProfileViewController.swift */,
				563271DA1D2C1D0400790830 /* ShareViewController.swift */,
				563271D21D25C8E400790830 /* PostInfoViewController.swift */,
				563271C61D2494A400790830 /* LikedPostsViewController.swift */,
				563271C21D2490ED00790830 /* CommentsViewController.swift */,
				563271C41D24910900790830 /* CategoriesViewController.swift */,
				563271E41D2F7B8200790830 /* TestViewController.swift */,
				563271C01D2490CB00790830 /* LogInViewController.swift */,
			);
			name = ViewControllers;
			sourceTree = "<group>";
		};
		563EDA7F1D40741600FCD2BE /* Model */ = {
			isa = PBXGroup;
			children = (
				56062A041D3966B2009C2ABB /* ContentProfile.swift */,
				563EDA791D3F3F2A00FCD2BE /* ContentManager.swift */,
				569AF8421D48615E00C6F774 /* PersistenceManager.swift */,
				569AF8441D4861F300C6F774 /* ParseManager.swift */,
			);
			name = Model;
			sourceTree = "<group>";
		};
		563EDA801D40747200FCD2BE /* Views */ = {
			isa = PBXGroup;
			children = (
			);
			name = Views;
			sourceTree = "<group>";
		};
		563EDA811D40749000FCD2BE /* Frameworks */ = {
			isa = PBXGroup;
			children = (
				56062A221D3DE6B1009C2ABB /* libstdc++.6.tbd */,
				56062A1C1D3DE43C009C2ABB /* AudioToolbox.framework */,
				56062A1A1D3DE434009C2ABB /* SystemConfiguration.framework */,
				56062A0C1D3DE2D7009C2ABB /* Bolts.framework */,
				56062A0D1D3DE2D7009C2ABB /* FBSDKCoreKit.framework */,
				56062A0E1D3DE2D7009C2ABB /* FBSDKLoginKit.framework */,
				56062A0F1D3DE2D7009C2ABB /* Parse.framework */,
				56062A101D3DE2D7009C2ABB /* ParseCrashReporting.framework */,
				56062A111D3DE2D7009C2ABB /* ParseFacebookUtilsV4.framework */,
				56062A121D3DE2D7009C2ABB /* ParseUI.framework */,
				56062A241D3DE6C7009C2ABB /* libsqlite3.tbd */,
			);
			name = Frameworks;
			sourceTree = "<group>";
		};
		563EDA821D4074C600FCD2BE /* Controllers */ = {
			isa = PBXGroup;
			children = (
				563EDA7E1D40740100FCD2BE /* ViewControllers */,
			);
			name = Controllers;
			sourceTree = "<group>";
		};
		563EDA851D40784900FCD2BE /* Posting View Controllers  */ = {
			isa = PBXGroup;
			children = (
				56062A061D39805E009C2ABB /* ChoosePostTypeViewController.swift */,
				563271DE1D2C1F0400790830 /* PicturePostViewController.swift */,
			);
			name = "Posting View Controllers ";
			sourceTree = "<group>";
		};
/* End PBXGroup section */

/* Begin PBXNativeTarget section */
		56357D951D0FBD3900AD10B7 /* Jester */ = {
			isa = PBXNativeTarget;
			buildConfigurationList = 56357DAA1D0FBD3900AD10B7 /* Build configuration list for PBXNativeTarget "Jester" */;
			buildPhases = (
				56357D921D0FBD3900AD10B7 /* Sources */,
				56357D931D0FBD3900AD10B7 /* Frameworks */,
				56357D941D0FBD3900AD10B7 /* Resources */,
			);
			buildRules = (
			);
			dependencies = (
			);
			name = Jester;
			productName = Jester;
			productReference = 56357D961D0FBD3900AD10B7 /* Jester.app */;
			productType = "com.apple.product-type.application";
		};
/* End PBXNativeTarget section */

/* Begin PBXProject section */
		56357D8E1D0FBD3900AD10B7 /* Project object */ = {
			isa = PBXProject;
			attributes = {
				LastSwiftUpdateCheck = 0730;
				LastUpgradeCheck = 0730;
				ORGANIZATIONNAME = "Charles Fayal";
				TargetAttributes = {
					56357D951D0FBD3900AD10B7 = {
						CreatedOnToolsVersion = 7.3.1;
						DevelopmentTeam = Y436CAXHW3;
					};
				};
			};
			buildConfigurationList = 56357D911D0FBD3900AD10B7 /* Build configuration list for PBXProject "Jester" */;
			compatibilityVersion = "Xcode 3.2";
			developmentRegion = English;
			hasScannedForEncodings = 0;
			knownRegions = (
				en,
				Base,
			);
			mainGroup = 56357D8D1D0FBD3900AD10B7;
			productRefGroup = 56357D971D0FBD3900AD10B7 /* Products */;
			projectDirPath = "";
			projectRoot = "";
			targets = (
				56357D951D0FBD3900AD10B7 /* Jester */,
			);
		};
/* End PBXProject section */

/* Begin PBXResourcesBuildPhase section */
		56357D941D0FBD3900AD10B7 /* Resources */ = {
			isa = PBXResourcesBuildPhase;
			buildActionMask = 2147483647;
			files = (
				56357DA61D0FBD3900AD10B7 /* LaunchScreen.storyboard in Resources */,
				56357DA31D0FBD3900AD10B7 /* Assets.xcassets in Resources */,
				56357DA11D0FBD3900AD10B7 /* Main.storyboard in Resources */,
			);
			runOnlyForDeploymentPostprocessing = 0;
		};
/* End PBXResourcesBuildPhase section */

/* Begin PBXSourcesBuildPhase section */
		56357D921D0FBD3900AD10B7 /* Sources */ = {
			isa = PBXSourcesBuildPhase;
			buildActionMask = 2147483647;
			files = (
				563271C31D2490ED00790830 /* CommentsViewController.swift in Sources */,
				569AF8451D4861F300C6F774 /* ParseManager.swift in Sources */,
				56062A071D39805E009C2ABB /* ChoosePostTypeViewController.swift in Sources */,
				563271D11D2591E200790830 /* CategoriesTableViewCell.swift in Sources */,
				569AF8431D48615E00C6F774 /* PersistenceManager.swift in Sources */,
				563271E51D2F7B8200790830 /* TestViewController.swift in Sources */,
				569AF8411D48571500C6F774 /* ParseViewController.swift in Sources */,
				56357D9A1D0FBD3900AD10B7 /* AppDelegate.swift in Sources */,
				563271BF1D2490A700790830 /* MainScreenViewController.swift in Sources */,
				563EDA7A1D3F3F2A00FCD2BE /* ContentManager.swift in Sources */,
				563271E31D2F773500790830 /* PostCollectionViewCell.swift in Sources */,
				563271DB1D2C1D0400790830 /* ShareViewController.swift in Sources */,
				563271C11D2490CB00790830 /* LogInViewController.swift in Sources */,
				563271C71D2494A400790830 /* LikedPostsViewController.swift in Sources */,
				56062A0B1D3D6567009C2ABB /* linkedList.swift in Sources */,
				563271D91D2C187600790830 /* ProfileViewController.swift in Sources */,
				563271D71D2C17F100790830 /* PostsTableViewCell.swift in Sources */,
				56062A051D3966B2009C2ABB /* ContentProfile.swift in Sources */,
				56062A091D3D3817009C2ABB /* ProfileTableViewCell.swift in Sources */,
				563271D31D25C8E400790830 /* PostInfoViewController.swift in Sources */,
				563271D51D25CB8700790830 /* CommentsTableViewCell.swift in Sources */,
				563271CF1D25832200790830 /* ContentProfileView.swift in Sources */,
				563271C51D24910900790830 /* CategoriesViewController.swift in Sources */,
				563271DF1D2C1F0400790830 /* PicturePostViewController.swift in Sources */,
				563271DD1D2C1DF900790830 /* FriendTableViewCell.swift in Sources */,
			);
			runOnlyForDeploymentPostprocessing = 0;
		};
/* End PBXSourcesBuildPhase section */

/* Begin PBXVariantGroup section */
		56357D9F1D0FBD3900AD10B7 /* Main.storyboard */ = {
			isa = PBXVariantGroup;
			children = (
				56357DA01D0FBD3900AD10B7 /* Base */,
			);
			name = Main.storyboard;
			sourceTree = "<group>";
		};
		56357DA41D0FBD3900AD10B7 /* LaunchScreen.storyboard */ = {
			isa = PBXVariantGroup;
			children = (
				56357DA51D0FBD3900AD10B7 /* Base */,
			);
			name = LaunchScreen.storyboard;
			sourceTree = "<group>";
		};
/* End PBXVariantGroup section */

/* Begin XCBuildConfiguration section */
		56357DA81D0FBD3900AD10B7 /* Debug */ = {
			isa = XCBuildConfiguration;
			buildSettings = {
				ALWAYS_SEARCH_USER_PATHS = NO;
				CLANG_ANALYZER_NONNULL = YES;
				CLANG_CXX_LANGUAGE_STANDARD = "gnu++0x";
				CLANG_CXX_LIBRARY = "libc++";
				CLANG_ENABLE_MODULES = YES;
				CLANG_ENABLE_OBJC_ARC = YES;
				CLANG_WARN_BOOL_CONVERSION = YES;
				CLANG_WARN_CONSTANT_CONVERSION = YES;
				CLANG_WARN_DIRECT_OBJC_ISA_USAGE = YES_ERROR;
				CLANG_WARN_EMPTY_BODY = YES;
				CLANG_WARN_ENUM_CONVERSION = YES;
				CLANG_WARN_INT_CONVERSION = YES;
				CLANG_WARN_OBJC_ROOT_CLASS = YES_ERROR;
				CLANG_WARN_UNREACHABLE_CODE = YES;
				CLANG_WARN__DUPLICATE_METHOD_MATCH = YES;
				"CODE_SIGN_IDENTITY[sdk=iphoneos*]" = "iPhone Developer";
				COPY_PHASE_STRIP = NO;
				DEBUG_INFORMATION_FORMAT = dwarf;
				ENABLE_STRICT_OBJC_MSGSEND = YES;
				ENABLE_TESTABILITY = YES;
				GCC_C_LANGUAGE_STANDARD = gnu99;
				GCC_DYNAMIC_NO_PIC = NO;
				GCC_NO_COMMON_BLOCKS = YES;
				GCC_OPTIMIZATION_LEVEL = 0;
				GCC_PREPROCESSOR_DEFINITIONS = (
					"DEBUG=1",
					"$(inherited)",
				);
				GCC_WARN_64_TO_32_BIT_CONVERSION = YES;
				GCC_WARN_ABOUT_RETURN_TYPE = YES_ERROR;
				GCC_WARN_UNDECLARED_SELECTOR = YES;
				GCC_WARN_UNINITIALIZED_AUTOS = YES_AGGRESSIVE;
				GCC_WARN_UNUSED_FUNCTION = YES;
				GCC_WARN_UNUSED_VARIABLE = YES;
				IPHONEOS_DEPLOYMENT_TARGET = 9.3;
				MTL_ENABLE_DEBUG_INFO = YES;
				ONLY_ACTIVE_ARCH = YES;
				SDKROOT = iphoneos;
				SWIFT_OPTIMIZATION_LEVEL = "-Onone";
				TARGETED_DEVICE_FAMILY = "1,2";
			};
			name = Debug;
		};
		56357DA91D0FBD3900AD10B7 /* Release */ = {
			isa = XCBuildConfiguration;
			buildSettings = {
				ALWAYS_SEARCH_USER_PATHS = NO;
				CLANG_ANALYZER_NONNULL = YES;
				CLANG_CXX_LANGUAGE_STANDARD = "gnu++0x";
				CLANG_CXX_LIBRARY = "libc++";
				CLANG_ENABLE_MODULES = YES;
				CLANG_ENABLE_OBJC_ARC = YES;
				CLANG_WARN_BOOL_CONVERSION = YES;
				CLANG_WARN_CONSTANT_CONVERSION = YES;
				CLANG_WARN_DIRECT_OBJC_ISA_USAGE = YES_ERROR;
				CLANG_WARN_EMPTY_BODY = YES;
				CLANG_WARN_ENUM_CONVERSION = YES;
				CLANG_WARN_INT_CONVERSION = YES;
				CLANG_WARN_OBJC_ROOT_CLASS = YES_ERROR;
				CLANG_WARN_UNREACHABLE_CODE = YES;
				CLANG_WARN__DUPLICATE_METHOD_MATCH = YES;
				"CODE_SIGN_IDENTITY[sdk=iphoneos*]" = "iPhone Developer";
				COPY_PHASE_STRIP = NO;
				DEBUG_INFORMATION_FORMAT = "dwarf-with-dsym";
				ENABLE_NS_ASSERTIONS = NO;
				ENABLE_STRICT_OBJC_MSGSEND = YES;
				GCC_C_LANGUAGE_STANDARD = gnu99;
				GCC_NO_COMMON_BLOCKS = YES;
				GCC_WARN_64_TO_32_BIT_CONVERSION = YES;
				GCC_WARN_ABOUT_RETURN_TYPE = YES_ERROR;
				GCC_WARN_UNDECLARED_SELECTOR = YES;
				GCC_WARN_UNINITIALIZED_AUTOS = YES_AGGRESSIVE;
				GCC_WARN_UNUSED_FUNCTION = YES;
				GCC_WARN_UNUSED_VARIABLE = YES;
				IPHONEOS_DEPLOYMENT_TARGET = 9.3;
				MTL_ENABLE_DEBUG_INFO = NO;
				SDKROOT = iphoneos;
				TARGETED_DEVICE_FAMILY = "1,2";
				VALIDATE_PRODUCT = YES;
			};
			name = Release;
		};
		56357DAB1D0FBD3900AD10B7 /* Debug */ = {
			isa = XCBuildConfiguration;
			buildSettings = {
				ASSETCATALOG_COMPILER_APPICON_NAME = AppIcon;
				CODE_SIGN_IDENTITY = "iPhone Developer";
				"CODE_SIGN_IDENTITY[sdk=iphoneos*]" = "iPhone Developer";
				FRAMEWORK_SEARCH_PATHS = (
					"$(inherited)",
					"$(PROJECT_DIR)",
				);
				INFOPLIST_FILE = Jester/Info.plist;
				IPHONEOS_DEPLOYMENT_TARGET = 9.1;
				LD_RUNPATH_SEARCH_PATHS = "$(inherited) @executable_path/Frameworks";
				PRODUCT_BUNDLE_IDENTIFIER = Charles.Swirl;
				PRODUCT_NAME = "$(TARGET_NAME)";
				PROVISIONING_PROFILE = "";
			};
			name = Debug;
		};
		56357DAC1D0FBD3900AD10B7 /* Release */ = {
			isa = XCBuildConfiguration;
			buildSettings = {
				ASSETCATALOG_COMPILER_APPICON_NAME = AppIcon;
				CODE_SIGN_IDENTITY = "iPhone Developer";
				"CODE_SIGN_IDENTITY[sdk=iphoneos*]" = "iPhone Developer";
				FRAMEWORK_SEARCH_PATHS = (
					"$(inherited)",
					"$(PROJECT_DIR)",
				);
				INFOPLIST_FILE = Jester/Info.plist;
				IPHONEOS_DEPLOYMENT_TARGET = 9.1;
				LD_RUNPATH_SEARCH_PATHS = "$(inherited) @executable_path/Frameworks";
				PRODUCT_BUNDLE_IDENTIFIER = Charles.Swirl;
				PRODUCT_NAME = "$(TARGET_NAME)";
				PROVISIONING_PROFILE = "";
			};
			name = Release;
		};
/* End XCBuildConfiguration section */

/* Begin XCConfigurationList section */
		56357D911D0FBD3900AD10B7 /* Build configuration list for PBXProject "Jester" */ = {
			isa = XCConfigurationList;
			buildConfigurations = (
				56357DA81D0FBD3900AD10B7 /* Debug */,
				56357DA91D0FBD3900AD10B7 /* Release */,
			);
			defaultConfigurationIsVisible = 0;
			defaultConfigurationName = Release;
		};
		56357DAA1D0FBD3900AD10B7 /* Build configuration list for PBXNativeTarget "Jester" */ = {
			isa = XCConfigurationList;
			buildConfigurations = (
				56357DAB1D0FBD3900AD10B7 /* Debug */,
				56357DAC1D0FBD3900AD10B7 /* Release */,
			);
			defaultConfigurationIsVisible = 0;
			defaultConfigurationName = Release;
		};
/* End XCConfigurationList section */
	};
	rootObject = 56357D8E1D0FBD3900AD10B7 /* Project object */;
}
